
Microsoft Visual Studio Solution File, Format Version 12.00
# Visual Studio Version 17
VisualStudioVersion = 17.10.35027.167
MinimumVisualStudioVersion = 10.0.40219.1
Project("{8BC9CEB8-8B4A-11D0-8D11-00A0C91BC942}") = "PG3", "PG3.vcxproj", "{502CAB73-D450-4EA0-ADF8-E1D5430CD025}"
EndProject
Project("{2150E333-8FDC-42A3-9474-1A3956D46DE8}") = "ソリューション項目", "ソリューション項目", "{0E34CD98-AE3F-497F-9230-84A5C5486FBF}"
	ProjectSection(SolutionItems) = preProject
		.editorconfig = .editorconfig
	EndProjectSection
EndProject
Global
	GlobalSection(SolutionConfigurationPlatforms) = preSolution
		Debug|x64 = Debug|x64
		Debug|x86 = Debug|x86
		Release|x64 = Release|x64
		Release|x86 = Release|x86
	EndGlobalSection
	GlobalSection(ProjectConfigurationPlatforms) = postSolution
		{502CAB73-D450-4EA0-ADF8-E1D5430CD025}.Debug|x64.ActiveCfg = Debug|x64
		{502CAB73-D450-4EA0-ADF8-E1D5430CD025}.Debug|x64.Build.0 = Debug|x64
		{502CAB73-D450-4EA0-ADF8-E1D5430CD025}.Debug|x86.ActiveCfg = Debug|Win32
		{502CAB73-D450-4EA0-ADF8-E1D5430CD025}.Debug|x86.Build.0 = Debug|Win32
		{502CAB73-D450-4EA0-ADF8-E1D5430CD025}.Release|x64.ActiveCfg = Release|x64
		{502CAB73-D450-4EA0-ADF8-E1D5430CD025}.Release|x64.Build.0 = Release|x64
		{502CAB73-D450-4EA0-ADF8-E1D5430CD025}.Release|x86.ActiveCfg = Release|Win32
		{502CAB73-D450-4EA0-ADF8-E1D5430CD025}.Release|x86.Build.0 = Release|Win32
	EndGlobalSection
	GlobalSection(SolutionProperties) = preSolution
		HideSolutionNode = FALSE
	EndGlobalSection
	GlobalSection(ExtensibilityGlobals) = postSolution
		SolutionGuid = {31C7AED8-245D-461D-9AA2-59A4DFE284FB}
	EndGlobalSection
EndGlobal
